dependencies:
- name: milk-plant-common
  repository: file://../../milk-plant-common
  version: 0.1.0
- name: config-server
  repository: file://../../milk-plant-services/config-server
  version: 0.1.0
- name: milk-collection
  repository: file://../../milk-plant-services/milk-collection
  version: 0.1.0
- name: persons
  repository: file://../../milk-plant-services/persons
  version: 0.1.0
- name: financial-management
  repository: file://../../milk-plant-services/financial-management
  version: 0.1.0
- name: gateway-server
  repository: file://../../milk-plant-services/gateway-server
  version: 0.1.0
- name: messages
  repository: file://../../milk-plant-services/messages
  version: 0.1.0
digest: sha256:dd222cc4625609e9eb33a7c74b198c07b4a44778a98e34c9047738e15152a47e
generated: "2025-07-01T17:12:03.8148068-05:00"
