dependencies:
- name: milk-plant-common
  repository: file://../../milk-plant-common
  version: 0.1.0
- name: config-server
  repository: file://../../milk-plant-services/config-server
  version: 0.1.0
- name: eureka-server
  repository: file://../../milk-plant-services/eureka-server
  version: 0.1.0
- name: milk-collection
  repository: file://../../milk-plant-services/milk-collection
  version: 0.1.0
- name: persons
  repository: file://../../milk-plant-services/persons
  version: 0.1.0
- name: financial-management
  repository: file://../../milk-plant-services/financial-management
  version: 0.1.0
- name: gateway-server
  repository: file://../../milk-plant-services/gateway-server
  version: 0.1.0
- name: messages
  repository: file://../../milk-plant-services/messages
  version: 0.1.0
digest: sha256:9f2fc04379afc367a7ca410fb56dc3f9e9347eed99461312152646e3c8d00c07
generated: "2025-06-23T11:17:22.1170132-05:00"
